<?xml version="1.0" encoding="utf-8"?>
<Project ToolsVersion="4.0" xmlns="http://schemas.microsoft.com/developer/msbuild/2003">
  <ItemGroup>
    <Filter Include="Source Files">
      <UniqueIdentifier>{6ed94f21-b123-4fc1-9ce5-a663ced71980}</UniqueIdentifier>
      <Extensions>cpp;c;cxx;def;odl;idl;hpj;bat;asm</Extensions>
    </Filter>
    <Filter Include="Header Files">
      <UniqueIdentifier>{bd6ee2cf-e736-49dd-9fde-a40627d5f259}</UniqueIdentifier>
      <Extensions>h;hpp;hxx;hm;inl;inc</Extensions>
    </Filter>
    <Filter Include="Resource Files">
      <UniqueIdentifier>{37b5a9b6-afe4-4869-a72c-8000399c1b28}</UniqueIdentifier>
      <Extensions>rc;ico;cur;bmp;dlg;rc2;rct;bin;rgs;gif;jpg;jpeg;jpe</Extensions>
    </Filter>
  </ItemGroup>
  <ItemGroup>
    <ClCompile Include="SFont.c">
      <Filter>Source Files</Filter>
    </ClCompile>
    <ClCompile Include="THLTest.cpp">
      <Filter>Source Files</Filter>
    </ClCompile>
    <ClCompile Include="thl.cpp">
      <Filter>Source Files</Filter>
    </ClCompile>
  </ItemGroup>
  <ItemGroup>
    <ClInclude Include="thl.h">
      <Filter>Header Files</Filter>
    </ClInclude>
  </ItemGroup>
  <ItemGroup>
    <Library Include="SDL.lib" />
    <Library Include="SDL_image.lib" />
    <Library Include="SDL_mixer.lib" />
    <Library Include="SDLmain.lib" />
  </ItemGroup>
</Project>